<?xml version="1.0" encoding="utf-8"?>
<Project ToolsVersion="4.0" xmlns="http://schemas.microsoft.com/developer/msbuild/2003">
  <ItemGroup>
    <Filter Include="Generated Files">
      <UniqueIdentifier>{6d1befc7-1c0b-4498-953d-b7f3668a82ec}</UniqueIdentifier>
    </Filter>
    <Filter Include="Source Files">
      <UniqueIdentifier>{e8ec8a2a-9174-48c5-b8f3-bc0d8cb13537}</UniqueIdentifier>
      <Extensions>cpp;c;edl;def;</Extensions>
    </Filter>
    <Filter Include="Header Files">
      <UniqueIdentifier>{304f14c0-77a4-48cf-bbf1-550cc2265e09}</UniqueIdentifier>
      <Extensions>h;hpp;</Extensions>
    </Filter>
    <Filter Include="Resource Files">
      <UniqueIdentifier>{ecc28c64-aedd-41f1-85c7-92dfdc438a14}</UniqueIdentifier>
      <Extensions>rc;xml;pem;</Extensions>
    </Filter>
  </ItemGroup>
  <ItemGroup>
    <ClCompile Include="poet_enclave_t.c">
      <Filter>Generated Files</Filter>
    </ClCompile>
    <ClCompile Include="poet_enclave.cpp">
      <Filter>Source Files</Filter>
    </ClCompile>
    <ClCompile Include="parson.c">
      <Filter>Source Files</Filter>
    </ClCompile>
    <ClCompile Include="..\..\poet_shared\error.cpp">
      <Filter>Source Files</Filter>
    </ClCompile>
    <ClCompile Include="..\..\poet_shared\hex_string.cpp">
      <Filter>Source Files</Filter>
    </ClCompile>
    <ClCompile Include="..\..\poet_shared\public_key_util.cpp">
      <Filter>Source Files</Filter>
    </ClCompile>
    <ClCompile Include="..\..\poet_shared\windows\c11_support.cpp">
      <Filter>Source Files</Filter>
    </ClCompile>
  </ItemGroup>
  <ItemGroup>
    <ClInclude Include="poet_enclave_t.h">
      <Filter>Generated Files</Filter>
    </ClInclude>
    <ClInclude Include="utils_enclave.h">
      <Filter>Source Files</Filter>
    </ClInclude>
    <ClInclude Include="parson.h">
      <Filter>Source Files</Filter>
    </ClInclude>
    <ClInclude Include="..\..\poet_shared\auto_handle.h">
      <Filter>Source Files</Filter>
    </ClInclude>
    <ClInclude Include="..\..\poet_shared\auto_handle_sgx.h">
      <Filter>Source Files</Filter>
    </ClInclude>
    <ClInclude Include="..\..\poet_shared\error.h">
      <Filter>Source Files</Filter>
    </ClInclude>
    <ClInclude Include="..\..\poet_shared\hex_string.h">
      <Filter>Source Files</Filter>
    </ClInclude>
    <ClInclude Include="..\..\poet_shared\poet.h">
      <Filter>Source Files</Filter>
    </ClInclude>
    <ClInclude Include="..\..\poet_shared\public_key_util.h">
      <Filter>Source Files</Filter>
    </ClInclude>
    <ClInclude Include="..\..\poet_shared\windows\c11_support.h">
      <Filter>Source Files</Filter>
    </ClInclude>
    <ClInclude Include="..\..\poet_shared\windows\sgx_support.h">
      <Filter>Source Files</Filter>
    </ClInclude>
    <ClInclude Include="..\..\poet_shared\windows\shared_library.h">
      <Filter>Source Files</Filter>
    </ClInclude>
    <ClInclude Include="..\..\poet_shared\windows\zero.h">
      <Filter>Source Files</Filter>
    </ClInclude>
    <ClInclude Include="..\..\poet_shared\enclave\c11_support.h">
      <Filter>Source Files</Filter>
    </ClInclude>
    <ClInclude Include="..\..\poet_shared\enclave\sgx_support.h">
      <Filter>Source Files</Filter>
    </ClInclude>
    <ClInclude Include="..\..\poet_shared\enclave\shared_library.h">
      <Filter>Source Files</Filter>
    </ClInclude>
    <ClInclude Include="..\..\poet_shared\enclave\zero.h">
      <Filter>Source Files</Filter>
    </ClInclude>
  </ItemGroup>
  <ItemGroup>
    <None Include="poet_enclave_private.pem">
      <Filter>Resource Files</Filter>
    </None>
  </ItemGroup>
  <ItemGroup>
    <Xml Include="poet_enclave.config.xml">
      <Filter>Resource Files</Filter>
    </Xml>
  </ItemGroup>
  <ItemGroup>
    <Text Include="ReadMe.txt" />
  </ItemGroup>
  <ItemGroup>
    <CustomBuild Include="poet_enclave.edl">
      <Filter>Source Files</Filter>
    </CustomBuild>
  </ItemGroup>
</Project>